// !$*UTF8*$!
{
	archiveVersion = 1;
	classes = {
	};
	objectVersion = 50;
	objects = {

/* Begin PBXBuildFile section */
		35E5516E20DC7F13003C7D35 /* AppDelegate.swift in Sources */ = {isa = PBXBuildFile; fileRef = 35E5516D20DC7F13003C7D35 /* AppDelegate.swift */; };
		35E5517020DC7F13003C7D35 /* ViewController.swift in Sources */ = {isa = PBXBuildFile; fileRef = 35E5516F20DC7F13003C7D35 /* ViewController.swift */; };
		35E5517520DC7F15003C7D35 /* Assets.xcassets in Resources */ = {isa = PBXBuildFile; fileRef = 35E5517420DC7F15003C7D35 /* Assets.xcassets */; };
		35E5517820DC7F15003C7D35 /* LaunchScreen.storyboard in Resources */ = {isa = PBXBuildFile; fileRef = 35E5517620DC7F15003C7D35 /* LaunchScreen.storyboard */; };
		35E5518320DC7F15003C7D35 /* DataMiningAPIsTests.swift in Sources */ = {isa = PBXBuildFile; fileRef = 35E5518220DC7F15003C7D35 /* DataMiningAPIsTests.swift */; };
		35E5518E20DC7F15003C7D35 /* DataMiningAPIsUITests.swift in Sources */ = {isa = PBXBuildFile; fileRef = 35E5518D20DC7F15003C7D35 /* DataMiningAPIsUITests.swift */; };
/* End PBXBuildFile section */

/* Begin PBXContainerItemProxy section */
		35E5517F20DC7F15003C7D35 /* PBXContainerItemProxy */ = {
			isa = PBXContainerItemProxy;
			containerPortal = 35E5516220DC7F13003C7D35 /* Project object */;
			proxyType = 1;
			remoteGlobalIDString = 35E5516920DC7F13003C7D35;
			remoteInfo = DataMiningAPIs;
		};
		35E5518A20DC7F15003C7D35 /* PBXContainerItemProxy */ = {
			isa = PBXContainerItemProxy;
			containerPortal = 35E5516220DC7F13003C7D35 /* Project object */;
			proxyType = 1;
			remoteGlobalIDString = 35E5516920DC7F13003C7D35;
			remoteInfo = DataMiningAPIs;
		};
/* End PBXContainerItemProxy section */

/* Begin PBXFileReference section */
		35E5516A20DC7F13003C7D35 /* DataMiningAPIs.app */ = {isa = PBXFileReference; explicitFileType = wrapper.application; includeInIndex = 0; path = DataMiningAPIs.app; sourceTree = BUILT_PRODUCTS_DIR; };
		35E5516D20DC7F13003C7D35 /* AppDelegate.swift */ = {isa = PBXFileReference; lastKnownFileType = sourcecode.swift; path = AppDelegate.swift; sourceTree = "<group>"; };
		35E5516F20DC7F13003C7D35 /* ViewController.swift */ = {isa = PBXFileReference; lastKnownFileType = sourcecode.swift; path = ViewController.swift; sourceTree = "<group>"; };
		35E5517420DC7F15003C7D35 /* Assets.xcassets */ = {isa = PBXFileReference; lastKnownFileType = folder.assetcatalog; path = Assets.xcassets; sourceTree = "<group>"; };
		35E5517720DC7F15003C7D35 /* Base */ = {isa = PBXFileReference; lastKnownFileType = file.storyboard; name = Base; path = Base.lproj/LaunchScreen.storyboard; sourceTree = "<group>"; };
		35E5517920DC7F15003C7D35 /* Info.plist */ = {isa = PBXFileReference; lastKnownFileType = text.plist.xml; path = Info.plist; sourceTree = "<group>"; };
		35E5517E20DC7F15003C7D35 /* DataMiningAPIsTests.xctest */ = {isa = PBXFileReference; explicitFileType = wrapper.cfbundle; includeInIndex = 0; path = DataMiningAPIsTests.xctest; sourceTree = BUILT_PRODUCTS_DIR; };
		35E5518220DC7F15003C7D35 /* DataMiningAPIsTests.swift */ = {isa = PBXFileReference; lastKnownFileType = sourcecode.swift; path = DataMiningAPIsTests.swift; sourceTree = "<group>"; };
		35E5518420DC7F15003C7D35 /* Info.plist */ = {isa = PBXFileReference; lastKnownFileType = text.plist.xml; path = Info.plist; sourceTree = "<group>"; };
		35E5518920DC7F15003C7D35 /* DataMiningAPIsUITests.xctest */ = {isa = PBXFileReference; explicitFileType = wrapper.cfbundle; includeInIndex = 0; path = DataMiningAPIsUITests.xctest; sourceTree = BUILT_PRODUCTS_DIR; };
		35E5518D20DC7F15003C7D35 /* DataMiningAPIsUITests.swift */ = {isa = PBXFileReference; lastKnownFileType = sourcecode.swift; path = DataMiningAPIsUITests.swift; sourceTree = "<group>"; };
		35E5518F20DC7F15003C7D35 /* Info.plist */ = {isa = PBXFileReference; lastKnownFileType = text.plist.xml; path = Info.plist; sourceTree = "<group>"; };
/* End PBXFileReference section */

/* Begin PBXFrameworksBuildPhase section */
		35E5516720DC7F13003C7D35 /* Frameworks */ = {
			isa = PBXFrameworksBuildPhase;
			buildActionMask = 2147483647;
			files = (
			);
			runOnlyForDeploymentPostprocessing = 0;
		};
		35E5517B20DC7F15003C7D35 /* Frameworks */ = {
			isa = PBXFrameworksBuildPhase;
			buildActionMask = 2147483647;
			files = (
			);
			runOnlyForDeploymentPostprocessing = 0;
		};
		35E5518620DC7F15003C7D35 /* Frameworks */ = {
			isa = PBXFrameworksBuildPhase;
			buildActionMask = 2147483647;
			files = (
			);
			runOnlyForDeploymentPostprocessing = 0;
		};
/* End PBXFrameworksBuildPhase section */

/* Begin PBXGroup section */
		35E5516120DC7F13003C7D35 = {
			isa = PBXGroup;
			children = (
				35E5516C20DC7F13003C7D35 /* DataMiningAPIs */,
				35E5518120DC7F15003C7D35 /* DataMiningAPIsTests */,
				35E5518C20DC7F15003C7D35 /* DataMiningAPIsUITests */,
				35E5516B20DC7F13003C7D35 /* Products */,
			);
			sourceTree = "<group>";
		};
		35E5516B20DC7F13003C7D35 /* Products */ = {
			isa = PBXGroup;
			children = (
				35E5516A20DC7F13003C7D35 /* DataMiningAPIs.app */,
				35E5517E20DC7F15003C7D35 /* DataMiningAPIsTests.xctest */,
				35E5518920DC7F15003C7D35 /* DataMiningAPIsUITests.xctest */,
			);
			name = Products;
			sourceTree = "<group>";
		};
		35E5516C20DC7F13003C7D35 /* DataMiningAPIs */ = {
			isa = PBXGroup;
			children = (
				35E5516D20DC7F13003C7D35 /* AppDelegate.swift */,
				35E5516F20DC7F13003C7D35 /* ViewController.swift */,
				35E5517420DC7F15003C7D35 /* Assets.xcassets */,
				35E5517620DC7F15003C7D35 /* LaunchScreen.storyboard */,
				35E5517920DC7F15003C7D35 /* Info.plist */,
			);
			path = DataMiningAPIs;
			sourceTree = "<group>";
		};
		35E5518120DC7F15003C7D35 /* DataMiningAPIsTests */ = {
			isa = PBXGroup;
			children = (
				35E5518220DC7F15003C7D35 /* DataMiningAPIsTests.swift */,
				35E5518420DC7F15003C7D35 /* Info.plist */,
			);
			path = DataMiningAPIsTests;
			sourceTree = "<group>";
		};
		35E5518C20DC7F15003C7D35 /* DataMiningAPIsUITests */ = {
			isa = PBXGroup;
			children = (
				35E5518D20DC7F15003C7D35 /* DataMiningAPIsUITests.swift */,
				35E5518F20DC7F15003C7D35 /* Info.plist */,
			);
			path = DataMiningAPIsUITests;
			sourceTree = "<group>";
		};
/* End PBXGroup section */

/* Begin PBXNativeTarget section */
		35E5516920DC7F13003C7D35 /* DataMiningAPIs */ = {
			isa = PBXNativeTarget;
			buildConfigurationList = 35E5519220DC7F15003C7D35 /* Build configuration list for PBXNativeTarget "DataMiningAPIs" */;
			buildPhases = (
				35E5516620DC7F13003C7D35 /* Sources */,
				35E5516720DC7F13003C7D35 /* Frameworks */,
				35E5516820DC7F13003C7D35 /* Resources */,
			);
			buildRules = (
			);
			dependencies = (
			);
			name = DataMiningAPIs;
			productName = DataMiningAPIs;
			productReference = 35E5516A20DC7F13003C7D35 /* DataMiningAPIs.app */;
			productType = "com.apple.product-type.application";
		};
		35E5517D20DC7F15003C7D35 /* DataMiningAPIsTests */ = {
			isa = PBXNativeTarget;
			buildConfigurationList = 35E5519520DC7F15003C7D35 /* Build configuration list for PBXNativeTarget "DataMiningAPIsTests" */;
			buildPhases = (
				35E5517A20DC7F15003C7D35 /* Sources */,
				35E5517B20DC7F15003C7D35 /* Frameworks */,
				35E5517C20DC7F15003C7D35 /* Resources */,
			);
			buildRules = (
			);
			dependencies = (
				35E5518020DC7F15003C7D35 /* PBXTargetDependency */,
			);
			name = DataMiningAPIsTests;
			productName = DataMiningAPIsTests;
			productReference = 35E5517E20DC7F15003C7D35 /* DataMiningAPIsTests.xctest */;
			productType = "com.apple.product-type.bundle.unit-test";
		};
		35E5518820DC7F15003C7D35 /* DataMiningAPIsUITests */ = {
			isa = PBXNativeTarget;
			buildConfigurationList = 35E5519820DC7F15003C7D35 /* Build configuration list for PBXNativeTarget "DataMiningAPIsUITests" */;
			buildPhases = (
				35E5518520DC7F15003C7D35 /* Sources */,
				35E5518620DC7F15003C7D35 /* Frameworks */,
				35E5518720DC7F15003C7D35 /* Resources */,
			);
			buildRules = (
			);
			dependencies = (
				35E5518B20DC7F15003C7D35 /* PBXTargetDependency */,
			);
			name = DataMiningAPIsUITests;
			productName = DataMiningAPIsUITests;
			productReference = 35E5518920DC7F15003C7D35 /* DataMiningAPIsUITests.xctest */;
			productType = "com.apple.product-type.bundle.ui-testing";
		};
/* End PBXNativeTarget section */

/* Begin PBXProject section */
		35E5516220DC7F13003C7D35 /* Project object */ = {
			isa = PBXProject;
			attributes = {
				LastSwiftUpdateCheck = 0940;
				LastUpgradeCheck = 0940;
				ORGANIZATIONNAME = "Tom Marler";
				TargetAttributes = {
					35E5516920DC7F13003C7D35 = {
						CreatedOnToolsVersion = 9.4.1;
					};
					35E5517D20DC7F15003C7D35 = {
						CreatedOnToolsVersion = 9.4.1;
						TestTargetID = 35E5516920DC7F13003C7D35;
					};
					35E5518820DC7F15003C7D35 = {
						CreatedOnToolsVersion = 9.4.1;
						TestTargetID = 35E5516920DC7F13003C7D35;
					};
				};
			};
			buildConfigurationList = 35E5516520DC7F13003C7D35 /* Build configuration list for PBXProject "DataMiningAPIs" */;
			compatibilityVersion = "Xcode 9.3";
			developmentRegion = en;
			hasScannedForEncodings = 0;
			knownRegions = (
				en,
				Base,
			);
			mainGroup = 35E5516120DC7F13003C7D35;
			productRefGroup = 35E5516B20DC7F13003C7D35 /* Products */;
			projectDirPath = "";
			projectRoot = "";
			targets = (
				35E5516920DC7F13003C7D35 /* DataMiningAPIs */,
				35E5517D20DC7F15003C7D35 /* DataMiningAPIsTests */,
				35E5518820DC7F15003C7D35 /* DataMiningAPIsUITests */,
			);
		};
/* End PBXProject section */

/* Begin PBXResourcesBuildPhase section */
		35E5516820DC7F13003C7D35 /* Resources */ = {
			isa = PBXResourcesBuildPhase;
			buildActionMask = 2147483647;
			files = (
				35E5517820DC7F15003C7D35 /* LaunchScreen.storyboard in Resources */,
				35E5517520DC7F15003C7D35 /* Assets.xcassets in Resources */,
			);
			runOnlyForDeploymentPostprocessing = 0;
		};
		35E5517C20DC7F15003C7D35 /* Resources */ = {
			isa = PBXResourcesBuildPhase;
			buildActionMask = 2147483647;
			files = (
			);
			runOnlyForDeploymentPostprocessing = 0;
		};
		35E5518720DC7F15003C7D35 /* Resources */ = {
			isa = PBXResourcesBuildPhase;
			buildActionMask = 2147483647;
			files = (
			);
			runOnlyForDeploymentPostprocessing = 0;
		};
/* End PBXResourcesBuildPhase section */

/* Begin PBXSourcesBuildPhase section */
		35E5516620DC7F13003C7D35 /* Sources */ = {
			isa = PBXSourcesBuildPhase;
			buildActionMask = 2147483647;
			files = (
				35E5517020DC7F13003C7D35 /* ViewController.swift in Sources */,
				35E5516E20DC7F13003C7D35 /* AppDelegate.swift in Sources */,
			);
			runOnlyForDeploymentPostprocessing = 0;
		};
		35E5517A20DC7F15003C7D35 /* Sources */ = {
			isa = PBXSourcesBuildPhase;
			buildActionMask = 2147483647;
			files = (
				35E5518320DC7F15003C7D35 /* DataMiningAPIsTests.swift in Sources */,
			);
			runOnlyForDeploymentPostprocessing = 0;
		};
		35E5518520DC7F15003C7D35 /* Sources */ = {
			isa = PBXSourcesBuildPhase;
			buildActionMask = 2147483647;
			files = (
				35E5518E20DC7F15003C7D35 /* DataMiningAPIsUITests.swift in Sources */,
			);
			runOnlyForDeploymentPostprocessing = 0;
		};
/* End PBXSourcesBuildPhase section */

/* Begin PBXTargetDependency section */
		35E5518020DC7F15003C7D35 /* PBXTargetDependency */ = {
			isa = PBXTargetDependency;
			target = 35E5516920DC7F13003C7D35 /* DataMiningAPIs */;
			targetProxy = 35E5517F20DC7F15003C7D35 /* PBXContainerItemProxy */;
		};
		35E5518B20DC7F15003C7D35 /* PBXTargetDependency */ = {
			isa = PBXTargetDependency;
			target = 35E5516920DC7F13003C7D35 /* DataMiningAPIs */;
			targetProxy = 35E5518A20DC7F15003C7D35 /* PBXContainerItemProxy */;
		};
/* End PBXTargetDependency section */

/* Begin PBXVariantGroup section */
		35E5517620DC7F15003C7D35 /* LaunchScreen.storyboard */ = {
			isa = PBXVariantGroup;
			children = (
				35E5517720DC7F15003C7D35 /* Base */,
			);
			name = LaunchScreen.storyboard;
			sourceTree = "<group>";
		};
/* End PBXVariantGroup section */

/* Begin XCBuildConfiguration section */
		35E5519020DC7F15003C7D35 /* Debug */ = {
			isa = XCBuildConfiguration;
			buildSettings = {
				ALWAYS_SEARCH_USER_PATHS = NO;
				CLANG_ANALYZER_NONNULL = YES;
				CLANG_ANALYZER_NUMBER_OBJECT_CONVERSION = YES_AGGRESSIVE;
				CLANG_CXX_LANGUAGE_STANDARD = "gnu++14";
				CLANG_CXX_LIBRARY = "libc++";
				CLANG_ENABLE_MODULES = YES;
				CLANG_ENABLE_OBJC_ARC = YES;
				CLANG_ENABLE_OBJC_WEAK = YES;
				CLANG_WARN_BLOCK_CAPTURE_AUTORELEASING = YES;
				CLANG_WARN_BOOL_CONVERSION = YES;
				CLANG_WARN_COMMA = YES;
				CLANG_WARN_CONSTANT_CONVERSION = YES;
				CLANG_WARN_DEPRECATED_OBJC_IMPLEMENTATIONS = YES;
				CLANG_WARN_DIRECT_OBJC_ISA_USAGE = YES_ERROR;
				CLANG_WARN_DOCUMENTATION_COMMENTS = YES;
				CLANG_WARN_EMPTY_BODY = YES;
				CLANG_WARN_ENUM_CONVERSION = YES;
				CLANG_WARN_INFINITE_RECURSION = YES;
				CLANG_WARN_INT_CONVERSION = YES;
				CLANG_WARN_NON_LITERAL_NULL_CONVERSION = YES;
				CLANG_WARN_OBJC_IMPLICIT_RETAIN_SELF = YES;
				CLANG_WARN_OBJC_LITERAL_CONVERSION = YES;
				CLANG_WARN_OBJC_ROOT_CLASS = YES_ERROR;
				CLANG_WARN_RANGE_LOOP_ANALYSIS = YES;
				CLANG_WARN_STRICT_PROTOTYPES = YES;
				CLANG_WARN_SUSPICIOUS_MOVE = YES;
				CLANG_WARN_UNGUARDED_AVAILABILITY = YES_AGGRESSIVE;
				CLANG_WARN_UNREACHABLE_CODE = YES;
				CLANG_WARN__DUPLICATE_METHOD_MATCH = YES;
				CODE_SIGN_IDENTITY = "iPhone Developer";
				COPY_PHASE_STRIP = NO;
				DEBUG_INFORMATION_FORMAT = dwarf;
				ENABLE_STRICT_OBJC_MSGSEND = YES;
				ENABLE_TESTABILITY = YES;
				GCC_C_LANGUAGE_STANDARD = gnu11;
				GCC_DYNAMIC_NO_PIC = NO;
				GCC_NO_COMMON_BLOCKS = YES;
				GCC_OPTIMIZATION_LEVEL = 0;
				GCC_PREPROCESSOR_DEFINITIONS = (
					"DEBUG=1",
					"$(inherited)",
				);
				GCC_WARN_64_TO_32_BIT_CONVERSION = YES;
				GCC_WARN_ABOUT_RETURN_TYPE = YES_ERROR;
				GCC_WARN_UNDECLARED_SELECTOR = YES;
				GCC_WARN_UNINITIALIZED_AUTOS = YES_AGGRESSIVE;
				GCC_WARN_UNUSED_FUNCTION = YES;
				GCC_WARN_UNUSED_VARIABLE = YES;
				IPHONEOS_DEPLOYMENT_TARGET = 11.4;
				MTL_ENABLE_DEBUG_INFO = YES;
				ONLY_ACTIVE_ARCH = YES;
				SDKROOT = iphoneos;
				SWIFT_ACTIVE_COMPILATION_CONDITIONS = DEBUG;
				SWIFT_OPTIMIZATION_LEVEL = "-Onone";
			};
			name = Debug;
		};
		35E5519120DC7F15003C7D35 /* Release */ = {
			isa = XCBuildConfiguration;
			buildSettings = {
				ALWAYS_SEARCH_USER_PATHS = NO;
				CLANG_ANALYZER_NONNULL = YES;
				CLANG_ANALYZER_NUMBER_OBJECT_CONVERSION = YES_AGGRESSIVE;
				CLANG_CXX_LANGUAGE_STANDARD = "gnu++14";
				CLANG_CXX_LIBRARY = "libc++";
				CLANG_ENABLE_MODULES = YES;
				CLANG_ENABLE_OBJC_ARC = YES;
				CLANG_ENABLE_OBJC_WEAK = YES;
				CLANG_WARN_BLOCK_CAPTURE_AUTORELEASING = YES;
				CLANG_WARN_BOOL_CONVERSION = YES;
				CLANG_WARN_COMMA = YES;
				CLANG_WARN_CONSTANT_CONVERSION = YES;
				CLANG_WARN_DEPRECATED_OBJC_IMPLEMENTATIONS = YES;
				CLANG_WARN_DIRECT_OBJC_ISA_USAGE = YES_ERROR;
				CLANG_WARN_DOCUMENTATION_COMMENTS = YES;
				CLANG_WARN_EMPTY_BODY = YES;
				CLANG_WARN_ENUM_CONVERSION = YES;
				CLANG_WARN_INFINITE_RECURSION = YES;
				CLANG_WARN_INT_CONVERSION = YES;
				CLANG_WARN_NON_LITERAL_NULL_CONVERSION = YES;
				CLANG_WARN_OBJC_IMPLICIT_RETAIN_SELF = YES;
				CLANG_WARN_OBJC_LITERAL_CONVERSION = YES;
				CLANG_WARN_OBJC_ROOT_CLASS = YES_ERROR;
				CLANG_WARN_RANGE_LOOP_ANALYSIS = YES;
				CLANG_WARN_STRICT_PROTOTYPES = YES;
				CLANG_WARN_SUSPICIOUS_MOVE = YES;
				CLANG_WARN_UNGUARDED_AVAILABILITY = YES_AGGRESSIVE;
				CLANG_WARN_UNREACHABLE_CODE = YES;
				CLANG_WARN__DUPLICATE_METHOD_MATCH = YES;
				CODE_SIGN_IDENTITY = "iPhone Developer";
				COPY_PHASE_STRIP = NO;
				DEBUG_INFORMATION_FORMAT = "dwarf-with-dsym";
				ENABLE_NS_ASSERTIONS = NO;
				ENABLE_STRICT_OBJC_MSGSEND = YES;
				GCC_C_LANGUAGE_STANDARD = gnu11;
				GCC_NO_COMMON_BLOCKS = YES;
				GCC_WARN_64_TO_32_BIT_CONVERSION = YES;
				GCC_WARN_ABOUT_RETURN_TYPE = YES_ERROR;
				GCC_WARN_UNDECLARED_SELECTOR = YES;
				GCC_WARN_UNINITIALIZED_AUTOS = YES_AGGRESSIVE;
				GCC_WARN_UNUSED_FUNCTION = YES;
				GCC_WARN_UNUSED_VARIABLE = YES;
				IPHONEOS_DEPLOYMENT_TARGET = 11.4;
				MTL_ENABLE_DEBUG_INFO = NO;
				SDKROOT = iphoneos;
				SWIFT_COMPILATION_MODE = wholemodule;
				SWIFT_OPTIMIZATION_LEVEL = "-O";
				VALIDATE_PRODUCT = YES;
			};
			name = Release;
		};
		35E5519320DC7F15003C7D35 /* Debug */ = {
			isa = XCBuildConfiguration;
			buildSettings = {
				ASSETCATALOG_COMPILER_APPICON_NAME = AppIcon;
				CODE_SIGN_STYLE = Automatic;
				DEVELOPMENT_TEAM = MHZJ6UH4L9;
				INFOPLIST_FILE = DataMiningAPIs/Info.plist;
				LD_RUNPATH_SEARCH_PATHS = (
					"$(inherited)",
					"@executable_path/Frameworks",
				);
				PRODUCT_BUNDLE_IDENTIFIER = com.QuarkWork.DataMiningAPIs;
				PRODUCT_NAME = "$(TARGET_NAME)";
				SWIFT_VERSION = 4.0;
				TARGETED_DEVICE_FAMILY = "1,2";
			};
			name = Debug;
		};
		35E5519420DC7F15003C7D35 /* Release */ = {
			isa = XCBuildConfiguration;
			buildSettings = {
				ASSETCATALOG_COMPILER_APPICON_NAME = AppIcon;
				CODE_SIGN_STYLE = Automatic;
				DEVELOPMENT_TEAM = MHZJ6UH4L9;
				INFOPLIST_FILE = DataMiningAPIs/Info.plist;
				LD_RUNPATH_SEARCH_PATHS = (
					"$(inherited)",
					"@executable_path/Frameworks",
				);
				PRODUCT_BUNDLE_IDENTIFIER = com.QuarkWork.DataMiningAPIs;
				PRODUCT_NAME = "$(TARGET_NAME)";
				SWIFT_VERSION = 4.0;
				TARGETED_DEVICE_FAMILY = "1,2";
			};
			name = Release;
		};
		35E5519620DC7F15003C7D35 /* Debug */ = {
			isa = XCBuildConfiguration;
			buildSettings = {
				ALWAYS_EMBED_SWIFT_STANDARD_LIBRARIES = YES;
				BUNDLE_LOADER = "$(TEST_HOST)";
				CODE_SIGN_STYLE = Automatic;
				DEVELOPMENT_TEAM = MHZJ6UH4L9;
				INFOPLIST_FILE = DataMiningAPIsTests/Info.plist;
				LD_RUNPATH_SEARCH_PATHS = (
					"$(inherited)",
					"@executable_path/Frameworks",
					"@loader_path/Frameworks",
				);
				PRODUCT_BUNDLE_IDENTIFIER = com.QuarkWork.DataMiningAPIsTests;
				PRODUCT_NAME = "$(TARGET_NAME)";
				SWIFT_VERSION = 4.0;
				TARGETED_DEVICE_FAMILY = "1,2";
				TEST_HOST = "$(BUILT_PRODUCTS_DIR)/DataMiningAPIs.app/DataMiningAPIs";
			};
			name = Debug;
		};
		35E5519720DC7F15003C7D35 /* Release */ = {
			isa = XCBuildConfiguration;
			buildSettings = {
				ALWAYS_EMBED_SWIFT_STANDARD_LIBRARIES = YES;
				BUNDLE_LOADER = "$(TEST_HOST)";
				CODE_SIGN_STYLE = Automatic;
				DEVELOPMENT_TEAM = MHZJ6UH4L9;
				INFOPLIST_FILE = DataMiningAPIsTests/Info.plist;
				LD_RUNPATH_SEARCH_PATHS = (
					"$(inherited)",
					"@executable_path/Frameworks",
					"@loader_path/Frameworks",
				);
				PRODUCT_BUNDLE_IDENTIFIER = com.QuarkWork.DataMiningAPIsTests;
				PRODUCT_NAME = "$(TARGET_NAME)";
				SWIFT_VERSION = 4.0;
				TARGETED_DEVICE_FAMILY = "1,2";
				TEST_HOST = "$(BUILT_PRODUCTS_DIR)/DataMiningAPIs.app/DataMiningAPIs";
			};
			name = Release;
		};
		35E5519920DC7F15003C7D35 /* Debug */ = {
			isa = XCBuildConfiguration;
			buildSettings = {
				ALWAYS_EMBED_SWIFT_STANDARD_LIBRARIES = YES;
				CODE_SIGN_STYLE = Automatic;
				DEVELOPMENT_TEAM = MHZJ6UH4L9;
				INFOPLIST_FILE = DataMiningAPIsUITests/Info.plist;
				LD_RUNPATH_SEARCH_PATHS = (
					"$(inherited)",
					"@executable_path/Frameworks",
					"@loader_path/Frameworks",
				);
				PRODUCT_BUNDLE_IDENTIFIER = com.QuarkWork.DataMiningAPIsUITests;
				PRODUCT_NAME = "$(TARGET_NAME)";
				SWIFT_VERSION = 4.0;
				TARGETED_DEVICE_FAMILY = "1,2";
				TEST_TARGET_NAME = DataMiningAPIs;
			};
			name = Debug;
		};
		35E5519A20DC7F15003C7D35 /* Release */ = {
			isa = XCBuildConfiguration;
			buildSettings = {
				ALWAYS_EMBED_SWIFT_STANDARD_LIBRARIES = YES;
				CODE_SIGN_STYLE = Automatic;
				DEVELOPMENT_TEAM = MHZJ6UH4L9;
				INFOPLIST_FILE = DataMiningAPIsUITests/Info.plist;
				LD_RUNPATH_SEARCH_PATHS = (
					"$(inherited)",
					"@executable_path/Frameworks",
					"@loader_path/Frameworks",
				);
				PRODUCT_BUNDLE_IDENTIFIER = com.QuarkWork.DataMiningAPIsUITests;
				PRODUCT_NAME = "$(TARGET_NAME)";
				SWIFT_VERSION = 4.0;
				TARGETED_DEVICE_FAMILY = "1,2";
				TEST_TARGET_NAME = DataMiningAPIs;
			};
			name = Release;
		};
/* End XCBuildConfiguration section */

/* Begin XCConfigurationList section */
		35E5516520DC7F13003C7D35 /* Build configuration list for PBXProject "DataMiningAPIs" */ = {
			isa = XCConfigurationList;
			buildConfigurations = (
				35E5519020DC7F15003C7D35 /* Debug */,
				35E5519120DC7F15003C7D35 /* Release */,
			);
			defaultConfigurationIsVisible = 0;
			defaultConfigurationName = Release;
		};
		35E5519220DC7F15003C7D35 /* Build configuration list for PBXNativeTarget "DataMiningAPIs" */ = {
			isa = XCConfigurationList;
			buildConfigurations = (
				35E5519320DC7F15003C7D35 /* Debug */,
				35E5519420DC7F15003C7D35 /* Release */,
			);
			defaultConfigurationIsVisible = 0;
			defaultConfigurationName = Release;
		};
		35E5519520DC7F15003C7D35 /* Build configuration list for PBXNativeTarget "DataMiningAPIsTests" */ = {
			isa = XCConfigurationList;
			buildConfigurations = (
				35E5519620DC7F15003C7D35 /* Debug */,
				35E5519720DC7F15003C7D35 /* Release */,
			);
			defaultConfigurationIsVisible = 0;
			defaultConfigurationName = Release;
		};
		35E5519820DC7F15003C7D35 /* Build configuration list for PBXNativeTarget "DataMiningAPIsUITests" */ = {
			isa = XCConfigurationList;
			buildConfigurations = (
				35E5519920DC7F15003C7D35 /* Debug */,
				35E5519A20DC7F15003C7D35 /* Release */,
			);
			defaultConfigurationIsVisible = 0;
			defaultConfigurationName = Release;
		};
/* End XCConfigurationList section */
	};
	rootObject = 35E5516220DC7F13003C7D35 /* Project object */;
}
