PODS:
  - Alamofire (4.7.2)
  - CryptoSwift (0.10.0)
  - Kingfisher (4.8.0)
  - Networking (4.1.1)
  - Realm (3.7.4):
    - Realm/Headers (= 3.7.4)
  - Realm/Headers (3.7.4)
  - RealmSwift (3.7.4):
    - Realm (= 3.7.4)
  - SwiftyJSON (4.1.0)

DEPENDENCIES:
  - Alamofire (~> 4.5)
  - CryptoSwift
  - Kingfisher
  - Networking (~> 4)
  - RealmSwift
  - SwiftyJSON

SPEC REPOS:
  https://github.com/cocoapods/specs.git:
    - Alamofire
    - CryptoSwift
    - Kingfisher
    - Networking
    - Realm
    - RealmSwift
    - SwiftyJSON

SPEC CHECKSUMS:
  Alamofire: e4fa87002c137ba2d8d634d2c51fabcda0d5c223
  CryptoSwift: 6c778d69282bed3b4e975ff97a79d074f20bb011
  Kingfisher: 976d828df2b24834c6a3f2fc4d82cdbd26552be1
  Networking: ffde5754883907f90f9f751e183eba4a75dc4b89
  Realm: a469bb59e33f9926102ccaea4349822c53b9117e
  RealmSwift: a45861b21c180f5cf0f122144b9759fa8dde3e9e
  SwiftyJSON: c29297daf073d2aa016295d5809cdd68045c39b3

PODFILE CHECKSUM: 2a3a7800636586d95e2611644e9a75144b4f016d

COCOAPODS: 1.5.3
